{
  "name": "gantt-graphql",
  "version": "1.0.0",
  "lockfileVersion": 3,
  "requires": true,
  "packages": {
    "": {
      "name": "gantt-graphql",
      "version": "1.0.0",
      "license": "ISC",
      "dependencies": {
        "@octokit/graphql": "^8.1.1",
        "@octokit/rest": "^20.1.1",
        "dotenv": "^16.4.5",
        "graphql-request": "^7.0.1",
        "json2csv": "^6.0.0-alpha.2"
      }
    },
    "node_modules/@dprint/darwin-arm64": {
      "version": "0.45.1",
      "resolved": "https://registry.npmjs.org/@dprint/darwin-arm64/-/darwin-arm64-0.45.1.tgz",
      "integrity": "sha512-pH0/uKLJ5SJPoHhOwLWFMhCmL0BY3FzWQbull8OGMK/FRkIPgOl2adZSovtUZpUMGWyDOzIWH1fW9X2DuMhnEg==",
      "cpu": [
        "arm64"
      ],
      "optional": true,
      "os": [
        "darwin"
      ]
    },
    "node_modules/@dprint/darwin-x64": {
      "version": "0.45.1",
      "resolved": "https://registry.npmjs.org/@dprint/darwin-x64/-/darwin-x64-0.45.1.tgz",
      "integrity": "sha512-YUj421LmBLDlxpIER3pORKfQmpmXD50n5mClHjpZrnl17WTiHtQ+jHvDJdJoxH2eS66W0mQyxLoGo5SfFfiM7A==",
      "cpu": [
        "x64"
      ],
      "optional": true,
      "os": [
        "darwin"
      ]
    },
    "node_modules/@dprint/formatter": {
      "version": "0.3.0",
      "resolved": "https://registry.npmjs.org/@dprint/formatter/-/formatter-0.3.0.tgz",
      "integrity": "sha512-N9fxCxbaBOrDkteSOzaCqwWjso5iAe+WJPsHC021JfHNj2ThInPNEF13ORDKta3llq5D1TlclODCvOvipH7bWQ=="
    },
    "node_modules/@dprint/linux-arm64-glibc": {
      "version": "0.45.1",
      "resolved": "https://registry.npmjs.org/@dprint/linux-arm64-glibc/-/linux-arm64-glibc-0.45.1.tgz",
      "integrity": "sha512-lJ7s/pOQWRJ0mstjZQnVyX2/3QRXZ9cpFHJDZ7e81Y8QSn/iqxTrnK0DPgxUrDG8hYKQmWQdQLU4sP5DKBz0Jg==",
      "cpu": [
        "arm64"
      ],
      "optional": true,
      "os": [
        "linux"
      ]
    },
    "node_modules/@dprint/linux-arm64-musl": {
      "version": "0.45.1",
      "resolved": "https://registry.npmjs.org/@dprint/linux-arm64-musl/-/linux-arm64-musl-0.45.1.tgz",
      "integrity": "sha512-un2awe1L1sAJLsCPSEUrE0/cgupdzbYFoyBOutyU1zHR9KQn47AtIDw+chvuinU4xleHDuEGyXGuJ6NE+Ky6vw==",
      "cpu": [
        "arm64"
      ],
      "optional": true,
      "os": [
        "linux"
      ]
    },
    "node_modules/@dprint/linux-x64-glibc": {
      "version": "0.45.1",
      "resolved": "https://registry.npmjs.org/@dprint/linux-x64-glibc/-/linux-x64-glibc-0.45.1.tgz",
      "integrity": "sha512-5Civht90S/g8zlyYB7n4oH78p+sLbNqeFCFuImJRK7uRxZwCRya7lji6RwlB6DQ7qngVqovTHj9RLOYfZzfVlg==",
      "cpu": [
        "x64"
      ],
      "optional": true,
      "os": [
        "linux"
      ]
    },
    "node_modules/@dprint/linux-x64-musl": {
      "version": "0.45.1",
      "resolved": "https://registry.npmjs.org/@dprint/linux-x64-musl/-/linux-x64-musl-0.45.1.tgz",
      "integrity": "sha512-p2/gjnHDd8GRCvtey5HZO4o/He6pSmY/zpcCuIXprFW9P0vNlEj3DFhz4FPpOKXM+csrsVWWs2E0T/xr5QZtVg==",
      "cpu": [
        "x64"
      ],
      "optional": true,
      "os": [
        "linux"
      ]
    },
    "node_modules/@dprint/typescript": {
      "version": "0.90.5",
      "resolved": "https://registry.npmjs.org/@dprint/typescript/-/typescript-0.90.5.tgz",
      "integrity": "sha512-/1aP6saonFvJyQN3l2is6eTOec3GnLGyW+opid/eDm8pnlhwzYl8A9p36pI6WO5jLl/a9Ghod+LWpvSOuXFGUw=="
    },
    "node_modules/@dprint/win32-x64": {
      "version": "0.45.1",
      "resolved": "https://registry.npmjs.org/@dprint/win32-x64/-/win32-x64-0.45.1.tgz",
      "integrity": "sha512-2l78XM7KsW46P2Yv6uPB3fE+y92EsBlrCxi+RVQ0pbznPFdMdkLyGgaCuh683zdld14jHlaADpIQ7YchGAEMAg==",
      "cpu": [
        "x64"
      ],
      "optional": true,
      "os": [
        "win32"
      ]
    },
    "node_modules/@graphql-typed-document-node/core": {
      "version": "3.2.0",
      "resolved": "https://registry.npmjs.org/@graphql-typed-document-node/core/-/core-3.2.0.tgz",
      "integrity": "sha512-mB9oAsNCm9aM3/SOv4YtBMqZbYj10R7dkq8byBqxGY/ncFwhf2oQzMV+LCRlWoDSEBJ3COiR1yeDvMtsoOsuFQ==",
      "peerDependencies": {
        "graphql": "^0.8.0 || ^0.9.0 || ^0.10.0 || ^0.11.0 || ^0.12.0 || ^0.13.0 || ^14.0.0 || ^15.0.0 || ^16.0.0 || ^17.0.0"
      }
    },
    "node_modules/@molt/command": {
      "version": "0.9.0",
      "resolved": "https://registry.npmjs.org/@molt/command/-/command-0.9.0.tgz",
      "integrity": "sha512-1JI8dAlpqlZoXyKWVQggX7geFNPxBpocHIXQCsnxDjKy+3WX4SGyZVJXuLlqRRrX7FmQCuuMAfx642ovXmPA9g==",
      "dependencies": {
        "@molt/types": "0.2.0",
        "alge": "0.8.1",
        "chalk": "^5.3.0",
        "lodash.camelcase": "^4.3.0",
        "lodash.snakecase": "^4.1.1",
        "readline-sync": "^1.4.10",
        "string-length": "^6.0.0",
        "strip-ansi": "^7.1.0",
        "ts-toolbelt": "^9.6.0",
        "type-fest": "^4.3.1",
        "zod": "^3.22.2"
      }
    },
    "node_modules/@molt/types": {
      "version": "0.2.0",
      "resolved": "https://registry.npmjs.org/@molt/types/-/types-0.2.0.tgz",
      "integrity": "sha512-p6ChnEZDGjg9PYPec9BK6Yp5/DdSrYQvXTBAtgrnqX6N36cZy37ql1c8Tc5LclfIYBNG7EZp8NBcRTYJwyi84g==",
      "dependencies": {
        "ts-toolbelt": "^9.6.0"
      }
    },
    "node_modules/@octokit/auth-token": {
      "version": "4.0.0",
      "resolved": "https://registry.npmjs.org/@octokit/auth-token/-/auth-token-4.0.0.tgz",
      "integrity": "sha512-tY/msAuJo6ARbK6SPIxZrPBms3xPbfwBrulZe0Wtr/DIY9lje2HeV1uoebShn6mx7SjCHif6EjMvoREj+gZ+SA==",
      "engines": {
        "node": ">= 18"
      }
    },
    "node_modules/@octokit/core": {
      "version": "5.2.0",
      "resolved": "https://registry.npmjs.org/@octokit/core/-/core-5.2.0.tgz",
      "integrity": "sha512-1LFfa/qnMQvEOAdzlQymH0ulepxbxnCYAKJZfMci/5XJyIHWgEYnDmgnKakbTh7CH2tFQ5O60oYDvns4i9RAIg==",
      "dependencies": {
        "@octokit/auth-token": "^4.0.0",
        "@octokit/graphql": "^7.1.0",
        "@octokit/request": "^8.3.1",
        "@octokit/request-error": "^5.1.0",
        "@octokit/types": "^13.0.0",
        "before-after-hook": "^2.2.0",
        "universal-user-agent": "^6.0.0"
      },
      "engines": {
        "node": ">= 18"
      }
    },
    "node_modules/@octokit/core/node_modules/@octokit/graphql": {
      "version": "7.1.0",
      "resolved": "https://registry.npmjs.org/@octokit/graphql/-/graphql-7.1.0.tgz",
      "integrity": "sha512-r+oZUH7aMFui1ypZnAvZmn0KSqAUgE1/tUXIWaqUCa1758ts/Jio84GZuzsvUkme98kv0WFY8//n0J1Z+vsIsQ==",
      "dependencies": {
        "@octokit/request": "^8.3.0",
        "@octokit/types": "^13.0.0",
        "universal-user-agent": "^6.0.0"
      },
      "engines": {
        "node": ">= 18"
      }
    },
    "node_modules/@octokit/endpoint": {
      "version": "9.0.5",
      "resolved": "https://registry.npmjs.org/@octokit/endpoint/-/endpoint-9.0.5.tgz",
      "integrity": "sha512-ekqR4/+PCLkEBF6qgj8WqJfvDq65RH85OAgrtnVp1mSxaXF03u2xW/hUdweGS5654IlC0wkNYC18Z50tSYTAFw==",
      "dependencies": {
        "@octokit/types": "^13.1.0",
        "universal-user-agent": "^6.0.0"
      },
      "engines": {
        "node": ">= 18"
      }
    },
    "node_modules/@octokit/graphql": {
      "version": "8.1.1",
      "resolved": "https://registry.npmjs.org/@octokit/graphql/-/graphql-8.1.1.tgz",
      "integrity": "sha512-ukiRmuHTi6ebQx/HFRCXKbDlOh/7xEV6QUXaE7MJEKGNAncGI/STSbOkl12qVXZrfZdpXctx5O9X1AIaebiDBg==",
      "dependencies": {
        "@octokit/request": "^9.0.0",
        "@octokit/types": "^13.0.0",
        "universal-user-agent": "^7.0.0"
      },
      "engines": {
        "node": ">= 18"
      }
    },
    "node_modules/@octokit/graphql/node_modules/@octokit/endpoint": {
      "version": "10.1.1",
      "resolved": "https://registry.npmjs.org/@octokit/endpoint/-/endpoint-10.1.1.tgz",
      "integrity": "sha512-JYjh5rMOwXMJyUpj028cu0Gbp7qe/ihxfJMLc8VZBMMqSwLgOxDI1911gV4Enl1QSavAQNJcwmwBF9M0VvLh6Q==",
      "dependencies": {
        "@octokit/types": "^13.0.0",
        "universal-user-agent": "^7.0.2"
      },
      "engines": {
        "node": ">= 18"
      }
    },
    "node_modules/@octokit/graphql/node_modules/@octokit/request": {
      "version": "9.1.1",
      "resolved": "https://registry.npmjs.org/@octokit/request/-/request-9.1.1.tgz",
      "integrity": "sha512-pyAguc0p+f+GbQho0uNetNQMmLG1e80WjkIaqqgUkihqUp0boRU6nKItXO4VWnr+nbZiLGEyy4TeKRwqaLvYgw==",
      "dependencies": {
        "@octokit/endpoint": "^10.0.0",
        "@octokit/request-error": "^6.0.1",
        "@octokit/types": "^13.1.0",
        "universal-user-agent": "^7.0.2"
      },
      "engines": {
        "node": ">= 18"
      }
    },
    "node_modules/@octokit/graphql/node_modules/@octokit/request-error": {
      "version": "6.1.1",
      "resolved": "https://registry.npmjs.org/@octokit/request-error/-/request-error-6.1.1.tgz",
      "integrity": "sha512-1mw1gqT3fR/WFvnoVpY/zUM2o/XkMs/2AszUUG9I69xn0JFLv6PGkPhNk5lbfvROs79wiS0bqiJNxfCZcRJJdg==",
      "dependencies": {
        "@octokit/types": "^13.0.0"
      },
      "engines": {
        "node": ">= 18"
      }
    },
    "node_modules/@octokit/graphql/node_modules/universal-user-agent": {
      "version": "7.0.2",
      "resolved": "https://registry.npmjs.org/universal-user-agent/-/universal-user-agent-7.0.2.tgz",
      "integrity": "sha512-0JCqzSKnStlRRQfCdowvqy3cy0Dvtlb8xecj/H8JFZuCze4rwjPZQOgvFvn0Ws/usCHQFGpyr+pB9adaGwXn4Q=="
    },
    "node_modules/@octokit/openapi-types": {
      "version": "22.2.0",
      "resolved": "https://registry.npmjs.org/@octokit/openapi-types/-/openapi-types-22.2.0.tgz",
      "integrity": "sha512-QBhVjcUa9W7Wwhm6DBFu6ZZ+1/t/oYxqc2tp81Pi41YNuJinbFRx8B133qVOrAaBbF7D/m0Et6f9/pZt9Rc+tg=="
    },
    "node_modules/@octokit/plugin-paginate-rest": {
      "version": "11.3.1",
      "resolved": "https://registry.npmjs.org/@octokit/plugin-paginate-rest/-/plugin-paginate-rest-11.3.1.tgz",
      "integrity": "sha512-ryqobs26cLtM1kQxqeZui4v8FeznirUsksiA+RYemMPJ7Micju0WSkv50dBksTuZks9O5cg4wp+t8fZ/cLY56g==",
      "dependencies": {
        "@octokit/types": "^13.5.0"
      },
      "engines": {
        "node": ">= 18"
      },
      "peerDependencies": {
        "@octokit/core": "5"
      }
    },
    "node_modules/@octokit/plugin-request-log": {
      "version": "4.0.1",
      "resolved": "https://registry.npmjs.org/@octokit/plugin-request-log/-/plugin-request-log-4.0.1.tgz",
      "integrity": "sha512-GihNqNpGHorUrO7Qa9JbAl0dbLnqJVrV8OXe2Zm5/Y4wFkZQDfTreBzVmiRfJVfE4mClXdihHnbpyyO9FSX4HA==",
      "engines": {
        "node": ">= 18"
      },
      "peerDependencies": {
        "@octokit/core": "5"
      }
    },
    "node_modules/@octokit/plugin-rest-endpoint-methods": {
      "version": "13.2.2",
      "resolved": "https://registry.npmjs.org/@octokit/plugin-rest-endpoint-methods/-/plugin-rest-endpoint-methods-13.2.2.tgz",
      "integrity": "sha512-EI7kXWidkt3Xlok5uN43suK99VWqc8OaIMktY9d9+RNKl69juoTyxmLoWPIZgJYzi41qj/9zU7G/ljnNOJ5AFA==",
      "dependencies": {
        "@octokit/types": "^13.5.0"
      },
      "engines": {
        "node": ">= 18"
      },
      "peerDependencies": {
        "@octokit/core": "^5"
      }
    },
    "node_modules/@octokit/request": {
      "version": "8.4.0",
      "resolved": "https://registry.npmjs.org/@octokit/request/-/request-8.4.0.tgz",
      "integrity": "sha512-9Bb014e+m2TgBeEJGEbdplMVWwPmL1FPtggHQRkV+WVsMggPtEkLKPlcVYm/o8xKLkpJ7B+6N8WfQMtDLX2Dpw==",
      "dependencies": {
        "@octokit/endpoint": "^9.0.1",
        "@octokit/request-error": "^5.1.0",
        "@octokit/types": "^13.1.0",
        "universal-user-agent": "^6.0.0"
      },
      "engines": {
        "node": ">= 18"
      }
    },
    "node_modules/@octokit/request-error": {
      "version": "5.1.0",
      "resolved": "https://registry.npmjs.org/@octokit/request-error/-/request-error-5.1.0.tgz",
      "integrity": "sha512-GETXfE05J0+7H2STzekpKObFe765O5dlAKUTLNGeH+x47z7JjXHfsHKo5z21D/o/IOZTUEI6nyWyR+bZVP/n5Q==",
      "dependencies": {
        "@octokit/types": "^13.1.0",
        "deprecation": "^2.0.0",
        "once": "^1.4.0"
      },
      "engines": {
        "node": ">= 18"
      }
    },
    "node_modules/@octokit/rest": {
      "version": "20.1.1",
      "resolved": "https://registry.npmjs.org/@octokit/rest/-/rest-20.1.1.tgz",
      "integrity": "sha512-MB4AYDsM5jhIHro/dq4ix1iWTLGToIGk6cWF5L6vanFaMble5jTX/UBQyiv05HsWnwUtY8JrfHy2LWfKwihqMw==",
      "dependencies": {
        "@octokit/core": "^5.0.2",
        "@octokit/plugin-paginate-rest": "11.3.1",
        "@octokit/plugin-request-log": "^4.0.0",
        "@octokit/plugin-rest-endpoint-methods": "13.2.2"
      },
      "engines": {
        "node": ">= 18"
      }
    },
    "node_modules/@octokit/types": {
      "version": "13.5.0",
      "resolved": "https://registry.npmjs.org/@octokit/types/-/types-13.5.0.tgz",
      "integrity": "sha512-HdqWTf5Z3qwDVlzCrP8UJquMwunpDiMPt5er+QjGzL4hqr/vBVY/MauQgS1xWxCDT1oMx1EULyqxncdCY/NVSQ==",
      "dependencies": {
        "@octokit/openapi-types": "^22.2.0"
      }
    },
    "node_modules/@streamparser/json": {
      "version": "0.0.6",
      "resolved": "https://registry.npmjs.org/@streamparser/json/-/json-0.0.6.tgz",
      "integrity": "sha512-vL9EVn/v+OhZ+Wcs6O4iKE9EUpwHUqHmCtNUMWjqp+6dr85+XPOSGTEsqYNq1Vn04uk9SWlOVmx9J48ggJVT2Q=="
    },
    "node_modules/alge": {
      "version": "0.8.1",
      "resolved": "https://registry.npmjs.org/alge/-/alge-0.8.1.tgz",
      "integrity": "sha512-kiV9nTt+XIauAXsowVygDxMZLplZxDWt0W8plE/nB32/V2ziM/P/TxDbSVK7FYIUt2Xo16h3/htDh199LNPCKQ==",
      "dependencies": {
        "lodash.ismatch": "^4.4.0",
        "remeda": "^1.0.0",
        "ts-toolbelt": "^9.6.0",
        "zod": "^3.17.3"
      }
    },
    "node_modules/ansi-regex": {
      "version": "6.0.1",
      "resolved": "https://registry.npmjs.org/ansi-regex/-/ansi-regex-6.0.1.tgz",
      "integrity": "sha512-n5M855fKb2SsfMIiFFoVrABHJC8QtHwVx+mHWP3QcEqBHYienj5dHSgjbxtC0WEZXYt4wcD6zrQElDPhFuZgfA==",
      "engines": {
        "node": ">=12"
      },
      "funding": {
        "url": "https://github.com/chalk/ansi-regex?sponsor=1"
      }
    },
    "node_modules/before-after-hook": {
      "version": "2.2.3",
      "resolved": "https://registry.npmjs.org/before-after-hook/-/before-after-hook-2.2.3.tgz",
      "integrity": "sha512-NzUnlZexiaH/46WDhANlyR2bXRopNg4F/zuSA3OpZnllCUgRaOF2znDioDWrmbNVsuZk6l9pMquQB38cfBZwkQ=="
    },
    "node_modules/chalk": {
      "version": "5.3.0",
      "resolved": "https://registry.npmjs.org/chalk/-/chalk-5.3.0.tgz",
      "integrity": "sha512-dLitG79d+GV1Nb/VYcCDFivJeK1hiukt9QjRNVOsUtTy1rR1YJsmpGGTZ3qJos+uw7WmWF4wUwBd9jxjocFC2w==",
      "engines": {
        "node": "^12.17.0 || ^14.13 || >=16.0.0"
      },
      "funding": {
        "url": "https://github.com/chalk/chalk?sponsor=1"
      }
    },
    "node_modules/commander": {
      "version": "6.2.1",
      "resolved": "https://registry.npmjs.org/commander/-/commander-6.2.1.tgz",
      "integrity": "sha512-U7VdrJFnJgo4xjrHpTzu0yrHPGImdsmD95ZlgYSEajAn2JKzDhDTPG9kBTefmObL2w/ngeZnilk+OV9CG3d7UA==",
      "engines": {
        "node": ">= 6"
      }
    },
    "node_modules/deprecation": {
      "version": "2.3.1",
      "resolved": "https://registry.npmjs.org/deprecation/-/deprecation-2.3.1.tgz",
      "integrity": "sha512-xmHIy4F3scKVwMsQ4WnVaS8bHOx0DmVwRywosKhaILI0ywMDWPtBSku2HNxRvF7jtwDRsoEwYQSfbxj8b7RlJQ=="
    },
    "node_modules/dotenv": {
      "version": "16.4.5",
      "resolved": "https://registry.npmjs.org/dotenv/-/dotenv-16.4.5.tgz",
      "integrity": "sha512-ZmdL2rui+eB2YwhsWzjInR8LldtZHGDoQ1ugH85ppHKwpUHL7j7rN0Ti9NCnGiQbhaZ11FpR+7ao1dNsmduNUg==",
      "engines": {
        "node": ">=12"
      },
      "funding": {
        "url": "https://dotenvx.com"
      }
    },
    "node_modules/dprint": {
      "version": "0.45.1",
      "resolved": "https://registry.npmjs.org/dprint/-/dprint-0.45.1.tgz",
      "integrity": "sha512-OYefcDgxd6jSdig/Cfkw1vdvyiOIRruCPnqGBbXpc95buDt9kvwL+Lic1OHc+SaQSsQub0BUZMd5+TNgy8Sh3A==",
      "hasInstallScript": true,
      "bin": {
        "dprint": "bin.js"
      },
      "optionalDependencies": {
        "@dprint/darwin-arm64": "0.45.1",
        "@dprint/darwin-x64": "0.45.1",
        "@dprint/linux-arm64-glibc": "0.45.1",
        "@dprint/linux-arm64-musl": "0.45.1",
        "@dprint/linux-x64-glibc": "0.45.1",
        "@dprint/linux-x64-musl": "0.45.1",
        "@dprint/win32-x64": "0.45.1"
      }
    },
    "node_modules/graphql": {
      "version": "16.8.1",
      "resolved": "https://registry.npmjs.org/graphql/-/graphql-16.8.1.tgz",
      "integrity": "sha512-59LZHPdGZVh695Ud9lRzPBVTtlX9ZCV150Er2W43ro37wVof0ctenSaskPPjN7lVTIN8mSZt8PHUNKZuNQUuxw==",
      "peer": true,
      "engines": {
        "node": "^12.22.0 || ^14.16.0 || ^16.0.0 || >=17.0.0"
      }
    },
    "node_modules/graphql-request": {
      "version": "7.0.1",
      "resolved": "https://registry.npmjs.org/graphql-request/-/graphql-request-7.0.1.tgz",
      "integrity": "sha512-hfGBZF6o6lC3C0th+aTMOFP6p8Ev+ydXn4PUlT8rvqPDUFCbaynXszjBCyu0saZIP3VGbJ67GpxW8UGK+tphSw==",
      "dependencies": {
        "@dprint/formatter": "^0.3.0",
        "@dprint/typescript": "^0.90.4",
        "@graphql-typed-document-node/core": "^3.2.0",
        "@molt/command": "^0.9.0",
        "dprint": "^0.45.1",
        "zod": "^3.23.5"
      },
      "bin": {
        "graffle": "build/cli/generate.js"
      },
      "peerDependencies": {
        "graphql": "14 - 16"
      }
    },
    "node_modules/json2csv": {
      "version": "6.0.0-alpha.2",
      "resolved": "https://registry.npmjs.org/json2csv/-/json2csv-6.0.0-alpha.2.tgz",
      "integrity": "sha512-nJ3oP6QxN8z69IT1HmrJdfVxhU1kLTBVgMfRnNZc37YEY+jZ4nU27rBGxT4vaqM/KUCavLRhntmTuBFqZLBUcA==",
      "dependencies": {
        "@streamparser/json": "^0.0.6",
        "commander": "^6.2.0",
        "lodash.get": "^4.4.2"
      },
      "bin": {
        "json2csv": "bin/json2csv.js"
      },
      "engines": {
        "node": ">= 12",
        "npm": ">= 6.13.0"
      }
    },
    "node_modules/lodash.camelcase": {
      "version": "4.3.0",
      "resolved": "https://registry.npmjs.org/lodash.camelcase/-/lodash.camelcase-4.3.0.tgz",
      "integrity": "sha512-TwuEnCnxbc3rAvhf/LbG7tJUDzhqXyFnv3dtzLOPgCG/hODL7WFnsbwktkD7yUV0RrreP/l1PALq/YSg6VvjlA=="
    },
    "node_modules/lodash.get": {
      "version": "4.4.2",
      "resolved": "https://registry.npmjs.org/lodash.get/-/lodash.get-4.4.2.tgz",
      "integrity": "sha512-z+Uw/vLuy6gQe8cfaFWD7p0wVv8fJl3mbzXh33RS+0oW2wvUqiRXiQ69gLWSLpgB5/6sU+r6BlQR0MBILadqTQ=="
    },
    "node_modules/lodash.ismatch": {
      "version": "4.4.0",
      "resolved": "https://registry.npmjs.org/lodash.ismatch/-/lodash.ismatch-4.4.0.tgz",
      "integrity": "sha512-fPMfXjGQEV9Xsq/8MTSgUf255gawYRbjwMyDbcvDhXgV7enSZA0hynz6vMPnpAb5iONEzBHBPsT+0zes5Z301g=="
    },
    "node_modules/lodash.snakecase": {
      "version": "4.1.1",
      "resolved": "https://registry.npmjs.org/lodash.snakecase/-/lodash.snakecase-4.1.1.tgz",
      "integrity": "sha512-QZ1d4xoBHYUeuouhEq3lk3Uq7ldgyFXGBhg04+oRLnIz8o9T65Eh+8YdroUwn846zchkA9yDsDl5CVVaV2nqYw=="
    },
    "node_modules/once": {
      "version": "1.4.0",
      "resolved": "https://registry.npmjs.org/once/-/once-1.4.0.tgz",
      "integrity": "sha512-lNaJgI+2Q5URQBkccEKHTQOPaXdUxnZZElQTZY0MFUAuaEqe1E+Nyvgdz/aIyNi6Z9MzO5dv1H8n58/GELp3+w==",
      "dependencies": {
        "wrappy": "1"
      }
    },
    "node_modules/readline-sync": {
      "version": "1.4.10",
      "resolved": "https://registry.npmjs.org/readline-sync/-/readline-sync-1.4.10.tgz",
      "integrity": "sha512-gNva8/6UAe8QYepIQH/jQ2qn91Qj0B9sYjMBBs3QOB8F2CXcKgLxQaJRP76sWVRQt+QU+8fAkCbCvjjMFu7Ycw==",
      "engines": {
        "node": ">= 0.8.0"
      }
    },
    "node_modules/remeda": {
      "version": "1.61.0",
      "resolved": "https://registry.npmjs.org/remeda/-/remeda-1.61.0.tgz",
      "integrity": "sha512-caKfSz9rDeSKBQQnlJnVW3mbVdFgxgGWQKq1XlFokqjf+hQD5gxutLGTTY2A/x24UxVyJe9gH5fAkFI63ULw4A=="
    },
    "node_modules/string-length": {
      "version": "6.0.0",
      "resolved": "https://registry.npmjs.org/string-length/-/string-length-6.0.0.tgz",
      "integrity": "sha512-1U361pxZHEQ+FeSjzqRpV+cu2vTzYeWeafXFLykiFlv4Vc0n3njgU8HrMbyik5uwm77naWMuVG8fhEF+Ovb1Kg==",
      "dependencies": {
        "strip-ansi": "^7.1.0"
      },
      "engines": {
        "node": ">=16"
      },
      "funding": {
        "url": "https://github.com/sponsors/sindresorhus"
      }
    },
    "node_modules/strip-ansi": {
      "version": "7.1.0",
      "resolved": "https://registry.npmjs.org/strip-ansi/-/strip-ansi-7.1.0.tgz",
      "integrity": "sha512-iq6eVVI64nQQTRYq2KtEg2d2uU7LElhTJwsH4YzIHZshxlgZms/wIc4VoDQTlG/IvVIrBKG06CrZnp0qv7hkcQ==",
      "dependencies": {
        "ansi-regex": "^6.0.1"
      },
      "engines": {
        "node": ">=12"
      },
      "funding": {
        "url": "https://github.com/chalk/strip-ansi?sponsor=1"
      }
    },
    "node_modules/ts-toolbelt": {
      "version": "9.6.0",
      "resolved": "https://registry.npmjs.org/ts-toolbelt/-/ts-toolbelt-9.6.0.tgz",
      "integrity": "sha512-nsZd8ZeNUzukXPlJmTBwUAuABDe/9qtVDelJeT/qW0ow3ZS3BsQJtNkan1802aM9Uf68/Y8ljw86Hu0h5IUW3w=="
    },
    "node_modules/type-fest": {
      "version": "4.18.3",
      "resolved": "https://registry.npmjs.org/type-fest/-/type-fest-4.18.3.tgz",
      "integrity": "sha512-Q08/0IrpvM+NMY9PA2rti9Jb+JejTddwmwmVQGskAlhtcrw1wsRzoR6ode6mR+OAabNa75w/dxedSUY2mlphaQ==",
      "engines": {
        "node": ">=16"
      },
      "funding": {
        "url": "https://github.com/sponsors/sindresorhus"
      }
    },
    "node_modules/universal-user-agent": {
      "version": "6.0.1",
      "resolved": "https://registry.npmjs.org/universal-user-agent/-/universal-user-agent-6.0.1.tgz",
      "integrity": "sha512-yCzhz6FN2wU1NiiQRogkTQszlQSlpWaw8SvVegAc+bDxbzHgh1vX8uIe8OYyMH6DwH+sdTJsgMl36+mSMdRJIQ=="
    },
    "node_modules/wrappy": {
      "version": "1.0.2",
      "resolved": "https://registry.npmjs.org/wrappy/-/wrappy-1.0.2.tgz",
      "integrity": "sha512-l4Sp/DRseor9wL6EvV2+TuQn63dMkPjZ/sp9XkghTEbV9KlPS1xUsZ3u7/IQO4wxtcFB4bgpQPRcR3QCvezPcQ=="
    },
    "node_modules/zod": {
      "version": "3.23.8",
      "resolved": "https://registry.npmjs.org/zod/-/zod-3.23.8.tgz",
      "integrity": "sha512-XBx9AXhXktjUqnepgTiE5flcKIYWi/rme0Eaj+5Y0lftuGBq+jyRu/md4WnuxqgP1ubdpNCsYEYPxrzVHD8d6g==",
      "funding": {
        "url": "https://github.com/sponsors/colinhacks"
      }
    }
  }
}
